// !$*UTF8*$!
{
	archiveVersion = 1;
	classes = {
	};
	objectVersion = 56;
	objects = {

/* Begin PBXBuildFile section */
		A80A61522B5FD53D00E70A50 /* FeedTableViewCell.swift in Sources */ = {isa = PBXBuildFile; fileRef = A80A61512B5FD53D00E70A50 /* FeedTableViewCell.swift */; };
		A80A61542B5FDD7C00E70A50 /* HighlightView.swift in Sources */ = {isa = PBXBuildFile; fileRef = A80A61532B5FDD7C00E70A50 /* HighlightView.swift */; };
		A84865D32B59F04900FEFC7E /* FeedViewController.swift in Sources */ = {isa = PBXBuildFile; fileRef = A84865D22B59F04900FEFC7E /* FeedViewController.swift */; };
		A84865D52B59F05A00FEFC7E /* ProfileViewController.swift in Sources */ = {isa = PBXBuildFile; fileRef = A84865D42B59F05A00FEFC7E /* ProfileViewController.swift */; };
		A84865D72B59F06F00FEFC7E /* CouponViewController.swift in Sources */ = {isa = PBXBuildFile; fileRef = A84865D62B59F06F00FEFC7E /* CouponViewController.swift */; };
		A85428012B483F850001DD7B /* AppDelegate.swift in Sources */ = {isa = PBXBuildFile; fileRef = A85428002B483F850001DD7B /* AppDelegate.swift */; };
		A85428032B483F850001DD7B /* SceneDelegate.swift in Sources */ = {isa = PBXBuildFile; fileRef = A85428022B483F850001DD7B /* SceneDelegate.swift */; };
		A854280A2B483F850001DD7B /* Assets.xcassets in Resources */ = {isa = PBXBuildFile; fileRef = A85428092B483F850001DD7B /* Assets.xcassets */; };
		A854280D2B483F850001DD7B /* LaunchScreen.storyboard in Resources */ = {isa = PBXBuildFile; fileRef = A854280B2B483F850001DD7B /* LaunchScreen.storyboard */; };
		A85428152B4843720001DD7B /* Anotations.md in Resources */ = {isa = PBXBuildFile; fileRef = A85428142B4843720001DD7B /* Anotations.md */; };
		A85A18842B55CCB2004D0B06 /* SignUpViewModel.swift in Sources */ = {isa = PBXBuildFile; fileRef = A85A18832B55CCB2004D0B06 /* SignUpViewModel.swift */; };
		A85A18862B55CD74004D0B06 /* SigUpState.swift in Sources */ = {isa = PBXBuildFile; fileRef = A85A18852B55CD74004D0B06 /* SigUpState.swift */; };
		A867F1CE2B57FA5200B4CFD3 /* LoadingButton.swift in Sources */ = {isa = PBXBuildFile; fileRef = A867F1CD2B57FA5200B4CFD3 /* LoadingButton.swift */; };
		A8A691E92B514530007C2F23 /* SignInViewModel.swift in Sources */ = {isa = PBXBuildFile; fileRef = A8A691E82B514530007C2F23 /* SignInViewModel.swift */; };
		A8A691EB2B514979007C2F23 /* SignInState.swift in Sources */ = {isa = PBXBuildFile; fileRef = A8A691EA2B514979007C2F23 /* SignInState.swift */; };
		A8A691EF2B5151F7007C2F23 /* SignUpViewController.swift in Sources */ = {isa = PBXBuildFile; fileRef = A8A691EE2B5151F7007C2F23 /* SignUpViewController.swift */; };
		A8A691F12B515688007C2F23 /* SignInCoordinator.swift in Sources */ = {isa = PBXBuildFile; fileRef = A8A691F02B515688007C2F23 /* SignInCoordinator.swift */; };
		A8A691F32B5159F8007C2F23 /* SignUpCoordinator.swift in Sources */ = {isa = PBXBuildFile; fileRef = A8A691F22B5159F8007C2F23 /* SignUpCoordinator.swift */; };
		A8BCBCBB2B4EF5A4003702CB /* SignInViewController.swift in Sources */ = {isa = PBXBuildFile; fileRef = A8BCBCBA2B4EF5A4003702CB /* SignInViewController.swift */; };
		A8FB2D0A2B569025000E6F07 /* HomeCoordinator.swift in Sources */ = {isa = PBXBuildFile; fileRef = A8FB2D092B569025000E6F07 /* HomeCoordinator.swift */; };
		A8FB2D0C2B569045000E6F07 /* HomeViewController.swift in Sources */ = {isa = PBXBuildFile; fileRef = A8FB2D0B2B569045000E6F07 /* HomeViewController.swift */; };
		A8FB2D0E2B56908D000E6F07 /* HomeViewModel.swift in Sources */ = {isa = PBXBuildFile; fileRef = A8FB2D0D2B56908D000E6F07 /* HomeViewModel.swift */; };
		A8FB2D102B56A647000E6F07 /* _SignInViewController.swift in Sources */ = {isa = PBXBuildFile; fileRef = A8FB2D0F2B56A647000E6F07 /* _SignInViewController.swift */; };
/* End PBXBuildFile section */

/* Begin PBXFileReference section */
		A80A61512B5FD53D00E70A50 /* FeedTableViewCell.swift */ = {isa = PBXFileReference; lastKnownFileType = sourcecode.swift; path = FeedTableViewCell.swift; sourceTree = "<group>"; };
		A80A61532B5FDD7C00E70A50 /* HighlightView.swift */ = {isa = PBXFileReference; lastKnownFileType = sourcecode.swift; path = HighlightView.swift; sourceTree = "<group>"; };
		A84865D22B59F04900FEFC7E /* FeedViewController.swift */ = {isa = PBXFileReference; lastKnownFileType = sourcecode.swift; path = FeedViewController.swift; sourceTree = "<group>"; };
		A84865D42B59F05A00FEFC7E /* ProfileViewController.swift */ = {isa = PBXFileReference; lastKnownFileType = sourcecode.swift; path = ProfileViewController.swift; sourceTree = "<group>"; };
		A84865D62B59F06F00FEFC7E /* CouponViewController.swift */ = {isa = PBXFileReference; lastKnownFileType = sourcecode.swift; path = CouponViewController.swift; sourceTree = "<group>"; };
		A85427FD2B483F850001DD7B /* KingBurguer.app */ = {isa = PBXFileReference; explicitFileType = wrapper.application; includeInIndex = 0; path = KingBurguer.app; sourceTree = BUILT_PRODUCTS_DIR; };
		A85428002B483F850001DD7B /* AppDelegate.swift */ = {isa = PBXFileReference; lastKnownFileType = sourcecode.swift; path = AppDelegate.swift; sourceTree = "<group>"; };
		A85428022B483F850001DD7B /* SceneDelegate.swift */ = {isa = PBXFileReference; lastKnownFileType = sourcecode.swift; path = SceneDelegate.swift; sourceTree = "<group>"; };
		A85428092B483F850001DD7B /* Assets.xcassets */ = {isa = PBXFileReference; lastKnownFileType = folder.assetcatalog; path = Assets.xcassets; sourceTree = "<group>"; };
		A854280C2B483F850001DD7B /* Base */ = {isa = PBXFileReference; lastKnownFileType = file.storyboard; name = Base; path = Base.lproj/LaunchScreen.storyboard; sourceTree = "<group>"; };
		A854280E2B483F850001DD7B /* Info.plist */ = {isa = PBXFileReference; lastKnownFileType = text.plist.xml; path = Info.plist; sourceTree = "<group>"; };
		A85428142B4843720001DD7B /* Anotations.md */ = {isa = PBXFileReference; lastKnownFileType = net.daringfireball.markdown; path = Anotations.md; sourceTree = "<group>"; };
		A85A18832B55CCB2004D0B06 /* SignUpViewModel.swift */ = {isa = PBXFileReference; lastKnownFileType = sourcecode.swift; path = SignUpViewModel.swift; sourceTree = "<group>"; };
		A85A18852B55CD74004D0B06 /* SigUpState.swift */ = {isa = PBXFileReference; lastKnownFileType = sourcecode.swift; path = SigUpState.swift; sourceTree = "<group>"; };
		A867F1CD2B57FA5200B4CFD3 /* LoadingButton.swift */ = {isa = PBXFileReference; lastKnownFileType = sourcecode.swift; path = LoadingButton.swift; sourceTree = "<group>"; };
		A8A691E82B514530007C2F23 /* SignInViewModel.swift */ = {isa = PBXFileReference; lastKnownFileType = sourcecode.swift; path = SignInViewModel.swift; sourceTree = "<group>"; };
		A8A691EA2B514979007C2F23 /* SignInState.swift */ = {isa = PBXFileReference; lastKnownFileType = sourcecode.swift; path = SignInState.swift; sourceTree = "<group>"; };
		A8A691EE2B5151F7007C2F23 /* SignUpViewController.swift */ = {isa = PBXFileReference; lastKnownFileType = sourcecode.swift; path = SignUpViewController.swift; sourceTree = "<group>"; };
		A8A691F02B515688007C2F23 /* SignInCoordinator.swift */ = {isa = PBXFileReference; lastKnownFileType = sourcecode.swift; path = SignInCoordinator.swift; sourceTree = "<group>"; };
		A8A691F22B5159F8007C2F23 /* SignUpCoordinator.swift */ = {isa = PBXFileReference; lastKnownFileType = sourcecode.swift; path = SignUpCoordinator.swift; sourceTree = "<group>"; };
		A8BCBCBA2B4EF5A4003702CB /* SignInViewController.swift */ = {isa = PBXFileReference; lastKnownFileType = sourcecode.swift; path = SignInViewController.swift; sourceTree = "<group>"; };
		A8FB2D092B569025000E6F07 /* HomeCoordinator.swift */ = {isa = PBXFileReference; lastKnownFileType = sourcecode.swift; path = HomeCoordinator.swift; sourceTree = "<group>"; };
		A8FB2D0B2B569045000E6F07 /* HomeViewController.swift */ = {isa = PBXFileReference; lastKnownFileType = sourcecode.swift; path = HomeViewController.swift; sourceTree = "<group>"; };
		A8FB2D0D2B56908D000E6F07 /* HomeViewModel.swift */ = {isa = PBXFileReference; lastKnownFileType = sourcecode.swift; path = HomeViewModel.swift; sourceTree = "<group>"; };
		A8FB2D0F2B56A647000E6F07 /* _SignInViewController.swift */ = {isa = PBXFileReference; lastKnownFileType = sourcecode.swift; path = _SignInViewController.swift; sourceTree = "<group>"; };
/* End PBXFileReference section */

/* Begin PBXFrameworksBuildPhase section */
		A85427FA2B483F840001DD7B /* Frameworks */ = {
			isa = PBXFrameworksBuildPhase;
			buildActionMask = 2147483647;
			files = (
			);
			runOnlyForDeploymentPostprocessing = 0;
		};
/* End PBXFrameworksBuildPhase section */

/* Begin PBXGroup section */
		A84865C92B59EFD600FEFC7E /* Feed */ = {
			isa = PBXGroup;
			children = (
				A84865CE2B59EFF900FEFC7E /* ViewModel */,
				A84865CA2B59EFDD00FEFC7E /* View */,
			);
			path = Feed;
			sourceTree = "<group>";
		};
		A84865CA2B59EFDD00FEFC7E /* View */ = {
			isa = PBXGroup;
			children = (
				A84865D22B59F04900FEFC7E /* FeedViewController.swift */,
				A80A61512B5FD53D00E70A50 /* FeedTableViewCell.swift */,
				A80A61532B5FDD7C00E70A50 /* HighlightView.swift */,
			);
			path = View;
			sourceTree = "<group>";
		};
		A84865CB2B59EFE600FEFC7E /* Profile */ = {
			isa = PBXGroup;
			children = (
				A84865CD2B59EFF100FEFC7E /* ViewModel */,
				A84865CC2B59EFEC00FEFC7E /* View */,
			);
			path = Profile;
			sourceTree = "<group>";
		};
		A84865CC2B59EFEC00FEFC7E /* View */ = {
			isa = PBXGroup;
			children = (
				A84865D42B59F05A00FEFC7E /* ProfileViewController.swift */,
			);
			path = View;
			sourceTree = "<group>";
		};
		A84865CD2B59EFF100FEFC7E /* ViewModel */ = {
			isa = PBXGroup;
			children = (
			);
			path = ViewModel;
			sourceTree = "<group>";
		};
		A84865CE2B59EFF900FEFC7E /* ViewModel */ = {
			isa = PBXGroup;
			children = (
			);
			path = ViewModel;
			sourceTree = "<group>";
		};
		A84865CF2B59F00800FEFC7E /* Coupon */ = {
			isa = PBXGroup;
			children = (
				A84865D12B59F01400FEFC7E /* ViewModel */,
				A84865D02B59F01000FEFC7E /* View */,
			);
			path = Coupon;
			sourceTree = "<group>";
		};
		A84865D02B59F01000FEFC7E /* View */ = {
			isa = PBXGroup;
			children = (
				A84865D62B59F06F00FEFC7E /* CouponViewController.swift */,
			);
			path = View;
			sourceTree = "<group>";
		};
		A84865D12B59F01400FEFC7E /* ViewModel */ = {
			isa = PBXGroup;
			children = (
			);
			path = ViewModel;
			sourceTree = "<group>";
		};
		A85427F42B483F840001DD7B = {
			isa = PBXGroup;
			children = (
				A85427FF2B483F850001DD7B /* KingBurguer */,
				A85427FE2B483F850001DD7B /* Products */,
			);
			sourceTree = "<group>";
		};
		A85427FE2B483F850001DD7B /* Products */ = {
			isa = PBXGroup;
			children = (
				A85427FD2B483F850001DD7B /* KingBurguer.app */,
			);
			name = Products;
			sourceTree = "<group>";
		};
		A85427FF2B483F850001DD7B /* KingBurguer */ = {
			isa = PBXGroup;
			children = (
				A84865CF2B59F00800FEFC7E /* Coupon */,
				A84865CB2B59EFE600FEFC7E /* Profile */,
				A84865C92B59EFD600FEFC7E /* Feed */,
				A867F1CB2B57FA3C00B4CFD3 /* Commom */,
				A8FB2D062B568FFC000E6F07 /* Home */,
				A8A691EC2B5151DC007C2F23 /* SignUp */,
				A8BCBCB82B4EF570003702CB /* SignIn */,
				A85428002B483F850001DD7B /* AppDelegate.swift */,
				A85428022B483F850001DD7B /* SceneDelegate.swift */,
				A85428092B483F850001DD7B /* Assets.xcassets */,
				A854280B2B483F850001DD7B /* LaunchScreen.storyboard */,
				A854280E2B483F850001DD7B /* Info.plist */,
				A85428142B4843720001DD7B /* Anotations.md */,
			);
			path = KingBurguer;
			sourceTree = "<group>";
		};
		A85A18822B55CBE7004D0B06 /* ViewModel */ = {
			isa = PBXGroup;
			children = (
				A85A18832B55CCB2004D0B06 /* SignUpViewModel.swift */,
				A85A18852B55CD74004D0B06 /* SigUpState.swift */,
			);
			path = ViewModel;
			sourceTree = "<group>";
		};
		A867F1CB2B57FA3C00B4CFD3 /* Commom */ = {
			isa = PBXGroup;
			children = (
				A867F1CC2B57FA4700B4CFD3 /* View */,
			);
			path = Commom;
			sourceTree = "<group>";
		};
		A867F1CC2B57FA4700B4CFD3 /* View */ = {
			isa = PBXGroup;
			children = (
				A867F1CD2B57FA5200B4CFD3 /* LoadingButton.swift */,
			);
			path = View;
			sourceTree = "<group>";
		};
		A8A691E72B51451E007C2F23 /* ViewModel */ = {
			isa = PBXGroup;
			children = (
				A8A691E82B514530007C2F23 /* SignInViewModel.swift */,
				A8A691EA2B514979007C2F23 /* SignInState.swift */,
			);
			path = ViewModel;
			sourceTree = "<group>";
		};
		A8A691EC2B5151DC007C2F23 /* SignUp */ = {
			isa = PBXGroup;
			children = (
				A85A18822B55CBE7004D0B06 /* ViewModel */,
				A8A691ED2B5151E6007C2F23 /* View */,
				A8A691F22B5159F8007C2F23 /* SignUpCoordinator.swift */,
			);
			path = SignUp;
			sourceTree = "<group>";
		};
		A8A691ED2B5151E6007C2F23 /* View */ = {
			isa = PBXGroup;
			children = (
				A8A691EE2B5151F7007C2F23 /* SignUpViewController.swift */,
			);
			path = View;
			sourceTree = "<group>";
		};
		A8BCBCB82B4EF570003702CB /* SignIn */ = {
			isa = PBXGroup;
			children = (
				A8A691E72B51451E007C2F23 /* ViewModel */,
				A8BCBCB92B4EF578003702CB /* View */,
				A8A691F02B515688007C2F23 /* SignInCoordinator.swift */,
			);
			path = SignIn;
			sourceTree = "<group>";
		};
		A8BCBCB92B4EF578003702CB /* View */ = {
			isa = PBXGroup;
			children = (
				A8BCBCBA2B4EF5A4003702CB /* SignInViewController.swift */,
				A8FB2D0F2B56A647000E6F07 /* _SignInViewController.swift */,
			);
			path = View;
			sourceTree = "<group>";
		};
		A8FB2D062B568FFC000E6F07 /* Home */ = {
			isa = PBXGroup;
			children = (
				A8FB2D082B569010000E6F07 /* ViewModel */,
				A8FB2D072B569007000E6F07 /* View */,
				A8FB2D092B569025000E6F07 /* HomeCoordinator.swift */,
			);
			path = Home;
			sourceTree = "<group>";
		};
		A8FB2D072B569007000E6F07 /* View */ = {
			isa = PBXGroup;
			children = (
				A8FB2D0B2B569045000E6F07 /* HomeViewController.swift */,
			);
			path = View;
			sourceTree = "<group>";
		};
		A8FB2D082B569010000E6F07 /* ViewModel */ = {
			isa = PBXGroup;
			children = (
				A8FB2D0D2B56908D000E6F07 /* HomeViewModel.swift */,
			);
			path = ViewModel;
			sourceTree = "<group>";
		};
/* End PBXGroup section */

/* Begin PBXNativeTarget section */
		A85427FC2B483F840001DD7B /* KingBurguer */ = {
			isa = PBXNativeTarget;
			buildConfigurationList = A85428112B483F850001DD7B /* Build configuration list for PBXNativeTarget "KingBurguer" */;
			buildPhases = (
				A85427F92B483F840001DD7B /* Sources */,
				A85427FA2B483F840001DD7B /* Frameworks */,
				A85427FB2B483F840001DD7B /* Resources */,
			);
			buildRules = (
			);
			dependencies = (
			);
			name = KingBurguer;
			productName = KingBurguer;
			productReference = A85427FD2B483F850001DD7B /* KingBurguer.app */;
			productType = "com.apple.product-type.application";
		};
/* End PBXNativeTarget section */

/* Begin PBXProject section */
		A85427F52B483F840001DD7B /* Project object */ = {
			isa = PBXProject;
			attributes = {
				BuildIndependentTargetsInParallel = 1;
				LastSwiftUpdateCheck = 1500;
				LastUpgradeCheck = 1500;
				TargetAttributes = {
					A85427FC2B483F840001DD7B = {
						CreatedOnToolsVersion = 15.0.1;
					};
				};
			};
			buildConfigurationList = A85427F82B483F840001DD7B /* Build configuration list for PBXProject "KingBurguer" */;
			compatibilityVersion = "Xcode 14.0";
			developmentRegion = en;
			hasScannedForEncodings = 0;
			knownRegions = (
				en,
				Base,
			);
			mainGroup = A85427F42B483F840001DD7B;
			productRefGroup = A85427FE2B483F850001DD7B /* Products */;
			projectDirPath = "";
			projectRoot = "";
			targets = (
				A85427FC2B483F840001DD7B /* KingBurguer */,
			);
		};
/* End PBXProject section */

/* Begin PBXResourcesBuildPhase section */
		A85427FB2B483F840001DD7B /* Resources */ = {
			isa = PBXResourcesBuildPhase;
			buildActionMask = 2147483647;
			files = (
				A85428152B4843720001DD7B /* Anotations.md in Resources */,
				A854280D2B483F850001DD7B /* LaunchScreen.storyboard in Resources */,
				A854280A2B483F850001DD7B /* Assets.xcassets in Resources */,
			);
			runOnlyForDeploymentPostprocessing = 0;
		};
/* End PBXResourcesBuildPhase section */

/* Begin PBXSourcesBuildPhase section */
		A85427F92B483F840001DD7B /* Sources */ = {
			isa = PBXSourcesBuildPhase;
			buildActionMask = 2147483647;
			files = (
				A8A691EF2B5151F7007C2F23 /* SignUpViewController.swift in Sources */,
				A8A691E92B514530007C2F23 /* SignInViewModel.swift in Sources */,
				A80A61522B5FD53D00E70A50 /* FeedTableViewCell.swift in Sources */,
				A84865D72B59F06F00FEFC7E /* CouponViewController.swift in Sources */,
				A85A18862B55CD74004D0B06 /* SigUpState.swift in Sources */,
				A8BCBCBB2B4EF5A4003702CB /* SignInViewController.swift in Sources */,
				A85428012B483F850001DD7B /* AppDelegate.swift in Sources */,
				A85A18842B55CCB2004D0B06 /* SignUpViewModel.swift in Sources */,
				A84865D32B59F04900FEFC7E /* FeedViewController.swift in Sources */,
				A84865D52B59F05A00FEFC7E /* ProfileViewController.swift in Sources */,
				A8FB2D102B56A647000E6F07 /* _SignInViewController.swift in Sources */,
				A8A691F32B5159F8007C2F23 /* SignUpCoordinator.swift in Sources */,
				A8A691F12B515688007C2F23 /* SignInCoordinator.swift in Sources */,
				A8FB2D0E2B56908D000E6F07 /* HomeViewModel.swift in Sources */,
				A85428032B483F850001DD7B /* SceneDelegate.swift in Sources */,
				A8A691EB2B514979007C2F23 /* SignInState.swift in Sources */,
				A867F1CE2B57FA5200B4CFD3 /* LoadingButton.swift in Sources */,
				A80A61542B5FDD7C00E70A50 /* HighlightView.swift in Sources */,
				A8FB2D0A2B569025000E6F07 /* HomeCoordinator.swift in Sources */,
				A8FB2D0C2B569045000E6F07 /* HomeViewController.swift in Sources */,
			);
			runOnlyForDeploymentPostprocessing = 0;
		};
/* End PBXSourcesBuildPhase section */

/* Begin PBXVariantGroup section */
		A854280B2B483F850001DD7B /* LaunchScreen.storyboard */ = {
			isa = PBXVariantGroup;
			children = (
				A854280C2B483F850001DD7B /* Base */,
			);
			name = LaunchScreen.storyboard;
			sourceTree = "<group>";
		};
/* End PBXVariantGroup section */

/* Begin XCBuildConfiguration section */
		A854280F2B483F850001DD7B /* Debug */ = {
			isa = XCBuildConfiguration;
			buildSettings = {
				ALWAYS_SEARCH_USER_PATHS = NO;
				ASSETCATALOG_COMPILER_GENERATE_SWIFT_ASSET_SYMBOL_EXTENSIONS = YES;
				CLANG_ANALYZER_NONNULL = YES;
				CLANG_ANALYZER_NUMBER_OBJECT_CONVERSION = YES_AGGRESSIVE;
				CLANG_CXX_LANGUAGE_STANDARD = "gnu++20";
				CLANG_ENABLE_MODULES = YES;
				CLANG_ENABLE_OBJC_ARC = YES;
				CLANG_ENABLE_OBJC_WEAK = YES;
				CLANG_WARN_BLOCK_CAPTURE_AUTORELEASING = YES;
				CLANG_WARN_BOOL_CONVERSION = YES;
				CLANG_WARN_COMMA = YES;
				CLANG_WARN_CONSTANT_CONVERSION = YES;
				CLANG_WARN_DEPRECATED_OBJC_IMPLEMENTATIONS = YES;
				CLANG_WARN_DIRECT_OBJC_ISA_USAGE = YES_ERROR;
				CLANG_WARN_DOCUMENTATION_COMMENTS = YES;
				CLANG_WARN_EMPTY_BODY = YES;
				CLANG_WARN_ENUM_CONVERSION = YES;
				CLANG_WARN_INFINITE_RECURSION = YES;
				CLANG_WARN_INT_CONVERSION = YES;
				CLANG_WARN_NON_LITERAL_NULL_CONVERSION = YES;
				CLANG_WARN_OBJC_IMPLICIT_RETAIN_SELF = YES;
				CLANG_WARN_OBJC_LITERAL_CONVERSION = YES;
				CLANG_WARN_OBJC_ROOT_CLASS = YES_ERROR;
				CLANG_WARN_QUOTED_INCLUDE_IN_FRAMEWORK_HEADER = YES;
				CLANG_WARN_RANGE_LOOP_ANALYSIS = YES;
				CLANG_WARN_STRICT_PROTOTYPES = YES;
				CLANG_WARN_SUSPICIOUS_MOVE = YES;
				CLANG_WARN_UNGUARDED_AVAILABILITY = YES_AGGRESSIVE;
				CLANG_WARN_UNREACHABLE_CODE = YES;
				CLANG_WARN__DUPLICATE_METHOD_MATCH = YES;
				COPY_PHASE_STRIP = NO;
				DEBUG_INFORMATION_FORMAT = dwarf;
				ENABLE_STRICT_OBJC_MSGSEND = YES;
				ENABLE_TESTABILITY = YES;
				ENABLE_USER_SCRIPT_SANDBOXING = YES;
				GCC_C_LANGUAGE_STANDARD = gnu17;
				GCC_DYNAMIC_NO_PIC = NO;
				GCC_NO_COMMON_BLOCKS = YES;
				GCC_OPTIMIZATION_LEVEL = 0;
				GCC_PREPROCESSOR_DEFINITIONS = (
					"DEBUG=1",
					"$(inherited)",
				);
				GCC_WARN_64_TO_32_BIT_CONVERSION = YES;
				GCC_WARN_ABOUT_RETURN_TYPE = YES_ERROR;
				GCC_WARN_UNDECLARED_SELECTOR = YES;
				GCC_WARN_UNINITIALIZED_AUTOS = YES_AGGRESSIVE;
				GCC_WARN_UNUSED_FUNCTION = YES;
				GCC_WARN_UNUSED_VARIABLE = YES;
				IPHONEOS_DEPLOYMENT_TARGET = 17.0;
				LOCALIZATION_PREFERS_STRING_CATALOGS = YES;
				MTL_ENABLE_DEBUG_INFO = INCLUDE_SOURCE;
				MTL_FAST_MATH = YES;
				ONLY_ACTIVE_ARCH = YES;
				SDKROOT = iphoneos;
				SWIFT_ACTIVE_COMPILATION_CONDITIONS = "DEBUG $(inherited)";
				SWIFT_OPTIMIZATION_LEVEL = "-Onone";
			};
			name = Debug;
		};
		A85428102B483F850001DD7B /* Release */ = {
			isa = XCBuildConfiguration;
			buildSettings = {
				ALWAYS_SEARCH_USER_PATHS = NO;
				ASSETCATALOG_COMPILER_GENERATE_SWIFT_ASSET_SYMBOL_EXTENSIONS = YES;
				CLANG_ANALYZER_NONNULL = YES;
				CLANG_ANALYZER_NUMBER_OBJECT_CONVERSION = YES_AGGRESSIVE;
				CLANG_CXX_LANGUAGE_STANDARD = "gnu++20";
				CLANG_ENABLE_MODULES = YES;
				CLANG_ENABLE_OBJC_ARC = YES;
				CLANG_ENABLE_OBJC_WEAK = YES;
				CLANG_WARN_BLOCK_CAPTURE_AUTORELEASING = YES;
				CLANG_WARN_BOOL_CONVERSION = YES;
				CLANG_WARN_COMMA = YES;
				CLANG_WARN_CONSTANT_CONVERSION = YES;
				CLANG_WARN_DEPRECATED_OBJC_IMPLEMENTATIONS = YES;
				CLANG_WARN_DIRECT_OBJC_ISA_USAGE = YES_ERROR;
				CLANG_WARN_DOCUMENTATION_COMMENTS = YES;
				CLANG_WARN_EMPTY_BODY = YES;
				CLANG_WARN_ENUM_CONVERSION = YES;
				CLANG_WARN_INFINITE_RECURSION = YES;
				CLANG_WARN_INT_CONVERSION = YES;
				CLANG_WARN_NON_LITERAL_NULL_CONVERSION = YES;
				CLANG_WARN_OBJC_IMPLICIT_RETAIN_SELF = YES;
				CLANG_WARN_OBJC_LITERAL_CONVERSION = YES;
				CLANG_WARN_OBJC_ROOT_CLASS = YES_ERROR;
				CLANG_WARN_QUOTED_INCLUDE_IN_FRAMEWORK_HEADER = YES;
				CLANG_WARN_RANGE_LOOP_ANALYSIS = YES;
				CLANG_WARN_STRICT_PROTOTYPES = YES;
				CLANG_WARN_SUSPICIOUS_MOVE = YES;
				CLANG_WARN_UNGUARDED_AVAILABILITY = YES_AGGRESSIVE;
				CLANG_WARN_UNREACHABLE_CODE = YES;
				CLANG_WARN__DUPLICATE_METHOD_MATCH = YES;
				COPY_PHASE_STRIP = NO;
				DEBUG_INFORMATION_FORMAT = "dwarf-with-dsym";
				ENABLE_NS_ASSERTIONS = NO;
				ENABLE_STRICT_OBJC_MSGSEND = YES;
				ENABLE_USER_SCRIPT_SANDBOXING = YES;
				GCC_C_LANGUAGE_STANDARD = gnu17;
				GCC_NO_COMMON_BLOCKS = YES;
				GCC_WARN_64_TO_32_BIT_CONVERSION = YES;
				GCC_WARN_ABOUT_RETURN_TYPE = YES_ERROR;
				GCC_WARN_UNDECLARED_SELECTOR = YES;
				GCC_WARN_UNINITIALIZED_AUTOS = YES_AGGRESSIVE;
				GCC_WARN_UNUSED_FUNCTION = YES;
				GCC_WARN_UNUSED_VARIABLE = YES;
				IPHONEOS_DEPLOYMENT_TARGET = 17.0;
				LOCALIZATION_PREFERS_STRING_CATALOGS = YES;
				MTL_ENABLE_DEBUG_INFO = NO;
				MTL_FAST_MATH = YES;
				SDKROOT = iphoneos;
				SWIFT_COMPILATION_MODE = wholemodule;
				VALIDATE_PRODUCT = YES;
			};
			name = Release;
		};
		A85428122B483F850001DD7B /* Debug */ = {
			isa = XCBuildConfiguration;
			buildSettings = {
				ASSETCATALOG_COMPILER_APPICON_NAME = AppIcon;
				ASSETCATALOG_COMPILER_GLOBAL_ACCENT_COLOR_NAME = AccentColor;
				CODE_SIGN_STYLE = Automatic;
				CURRENT_PROJECT_VERSION = 1;
				GENERATE_INFOPLIST_FILE = YES;
				INFOPLIST_FILE = KingBurguer/Info.plist;
				INFOPLIST_KEY_UIApplicationSupportsIndirectInputEvents = YES;
				INFOPLIST_KEY_UILaunchStoryboardName = LaunchScreen;
				INFOPLIST_KEY_UISupportedInterfaceOrientations_iPad = "UIInterfaceOrientationPortrait UIInterfaceOrientationPortraitUpsideDown UIInterfaceOrientationLandscapeLeft UIInterfaceOrientationLandscapeRight";
				INFOPLIST_KEY_UISupportedInterfaceOrientations_iPhone = "UIInterfaceOrientationPortrait UIInterfaceOrientationLandscapeLeft UIInterfaceOrientationLandscapeRight";
				IPHONEOS_DEPLOYMENT_TARGET = 14.0;
				LD_RUNPATH_SEARCH_PATHS = (
					"$(inherited)",
					"@executable_path/Frameworks",
				);
				MARKETING_VERSION = 1.0;
				PRODUCT_BUNDLE_IDENTIFIER = com.paranhos.leandro.KingBurguer;
				PRODUCT_NAME = "$(TARGET_NAME)";
				SWIFT_EMIT_LOC_STRINGS = YES;
				SWIFT_VERSION = 5.0;
				TARGETED_DEVICE_FAMILY = "1,2";
			};
			name = Debug;
		};
		A85428132B483F850001DD7B /* Release */ = {
			isa = XCBuildConfiguration;
			buildSettings = {
				ASSETCATALOG_COMPILER_APPICON_NAME = AppIcon;
				ASSETCATALOG_COMPILER_GLOBAL_ACCENT_COLOR_NAME = AccentColor;
				CODE_SIGN_STYLE = Automatic;
				CURRENT_PROJECT_VERSION = 1;
				GENERATE_INFOPLIST_FILE = YES;
				INFOPLIST_FILE = KingBurguer/Info.plist;
				INFOPLIST_KEY_UIApplicationSupportsIndirectInputEvents = YES;
				INFOPLIST_KEY_UILaunchStoryboardName = LaunchScreen;
				INFOPLIST_KEY_UISupportedInterfaceOrientations_iPad = "UIInterfaceOrientationPortrait UIInterfaceOrientationPortraitUpsideDown UIInterfaceOrientationLandscapeLeft UIInterfaceOrientationLandscapeRight";
				INFOPLIST_KEY_UISupportedInterfaceOrientations_iPhone = "UIInterfaceOrientationPortrait UIInterfaceOrientationLandscapeLeft UIInterfaceOrientationLandscapeRight";
				IPHONEOS_DEPLOYMENT_TARGET = 14.0;
				LD_RUNPATH_SEARCH_PATHS = (
					"$(inherited)",
					"@executable_path/Frameworks",
				);
				MARKETING_VERSION = 1.0;
				PRODUCT_BUNDLE_IDENTIFIER = com.paranhos.leandro.KingBurguer;
				PRODUCT_NAME = "$(TARGET_NAME)";
				SWIFT_EMIT_LOC_STRINGS = YES;
				SWIFT_VERSION = 5.0;
				TARGETED_DEVICE_FAMILY = "1,2";
			};
			name = Release;
		};
/* End XCBuildConfiguration section */

/* Begin XCConfigurationList section */
		A85427F82B483F840001DD7B /* Build configuration list for PBXProject "KingBurguer" */ = {
			isa = XCConfigurationList;
			buildConfigurations = (
				A854280F2B483F850001DD7B /* Debug */,
				A85428102B483F850001DD7B /* Release */,
			);
			defaultConfigurationIsVisible = 0;
			defaultConfigurationName = Release;
		};
		A85428112B483F850001DD7B /* Build configuration list for PBXNativeTarget "KingBurguer" */ = {
			isa = XCConfigurationList;
			buildConfigurations = (
				A85428122B483F850001DD7B /* Debug */,
				A85428132B483F850001DD7B /* Release */,
			);
			defaultConfigurationIsVisible = 0;
			defaultConfigurationName = Release;
		};
/* End XCConfigurationList section */
	};
	rootObject = A85427F52B483F840001DD7B /* Project object */;
}
